
Microsoft Visual Studio Solution File, Format Version 11.00
# Visual Studio 2010
Project("{FAE04EC0-301F-11D3-BF4B-00C04F79EFBC}") = "TGis.Common", "TGis.Common\TGis.Common.csproj", "{7A916B24-1B10-44FE-9CF6-9BAC148F00E4}"
EndProject
Project("{FAE04EC0-301F-11D3-BF4B-00C04F79EFBC}") = "TGis.MapControl", "TGis.MapControl\TGis.MapControl.csproj", "{80F4FC00-C4CC-43B0-837A-740775F9178F}"
EndProject
Project("{FAE04EC0-301F-11D3-BF4B-00C04F79EFBC}") = "TGis.Viewer", "TGis.Viewer\TGis.Viewer.csproj", "{AEB438A6-96FB-4684-838B-F5BB11074D96}"
EndProject
Project("{FAE04EC0-301F-11D3-BF4B-00C04F79EFBC}") = "TGis.RemoteContract", "TGis.RemoteContract\TGis.RemoteContract.csproj", "{E215F126-22C2-469C-AD99-14E388BB99CD}"
EndProject
Project("{FAE04EC0-301F-11D3-BF4B-00C04F79EFBC}") = "TGis.RemoteService", "TGis.RemoteService\TGis.RemoteService.csproj", "{07894D2B-8A99-49F1-BDFF-8291926E0715}"
EndProject
Project("{FAE04EC0-301F-11D3-BF4B-00C04F79EFBC}") = "TGis.RemoteHost", "TGis.RemoteHost\TGis.RemoteHost.csproj", "{8B1C5D16-953F-4382-8E93-FD54412E36B5}"
EndProject
Project("{FAE04EC0-301F-11D3-BF4B-00C04F79EFBC}") = "TGis.WindowsServiceHost", "TGis.WindowsServiceHost\TGis.WindowsServiceHost.csproj", "{D4544883-71EA-4583-A2DB-6E3A8706E78C}"
EndProject
Project("{FAE04EC0-301F-11D3-BF4B-00C04F79EFBC}") = "TGis.TerminalTest", "TGis.TerminalTest\TGis.TerminalTest.csproj", "{072A6FC1-90A8-437C-9E54-41DC5DF39614}"
EndProject
Project("{54435603-DBB4-11D2-8724-00A0C9A8B90C}") = "GisServerSetup", "GisServerSetup\GisServerSetup.vdproj", "{1642FD9B-9D26-418A-BF01-A56202F1FD52}"
EndProject
Project("{54435603-DBB4-11D2-8724-00A0C9A8B90C}") = "GisClientSetup", "GisClientSetup\GisClientSetup.vdproj", "{42A56220-C2AF-498F-8989-6EB96443FE17}"
EndProject
Global
	GlobalSection(SolutionConfigurationPlatforms) = preSolution
		Debug|Any CPU = Debug|Any CPU
		Debug|Mixed Platforms = Debug|Mixed Platforms
		Debug|x86 = Debug|x86
		Release|Any CPU = Release|Any CPU
		Release|Mixed Platforms = Release|Mixed Platforms
		Release|x86 = Release|x86
	EndGlobalSection
	GlobalSection(ProjectConfigurationPlatforms) = postSolution
		{7A916B24-1B10-44FE-9CF6-9BAC148F00E4}.Debug|Any CPU.ActiveCfg = Debug|Any CPU
		{7A916B24-1B10-44FE-9CF6-9BAC148F00E4}.Debug|Any CPU.Build.0 = Debug|Any CPU
		{7A916B24-1B10-44FE-9CF6-9BAC148F00E4}.Debug|Mixed Platforms.ActiveCfg = Debug|Any CPU
		{7A916B24-1B10-44FE-9CF6-9BAC148F00E4}.Debug|Mixed Platforms.Build.0 = Debug|Any CPU
		{7A916B24-1B10-44FE-9CF6-9BAC148F00E4}.Debug|x86.ActiveCfg = Debug|Any CPU
		{7A916B24-1B10-44FE-9CF6-9BAC148F00E4}.Release|Any CPU.ActiveCfg = Release|Any CPU
		{7A916B24-1B10-44FE-9CF6-9BAC148F00E4}.Release|Any CPU.Build.0 = Release|Any CPU
		{7A916B24-1B10-44FE-9CF6-9BAC148F00E4}.Release|Mixed Platforms.ActiveCfg = Release|Any CPU
		{7A916B24-1B10-44FE-9CF6-9BAC148F00E4}.Release|Mixed Platforms.Build.0 = Release|Any CPU
		{7A916B24-1B10-44FE-9CF6-9BAC148F00E4}.Release|x86.ActiveCfg = Release|Any CPU
		{80F4FC00-C4CC-43B0-837A-740775F9178F}.Debug|Any CPU.ActiveCfg = Debug|Any CPU
		{80F4FC00-C4CC-43B0-837A-740775F9178F}.Debug|Any CPU.Build.0 = Debug|Any CPU
		{80F4FC00-C4CC-43B0-837A-740775F9178F}.Debug|Mixed Platforms.ActiveCfg = Debug|Any CPU
		{80F4FC00-C4CC-43B0-837A-740775F9178F}.Debug|Mixed Platforms.Build.0 = Debug|Any CPU
		{80F4FC00-C4CC-43B0-837A-740775F9178F}.Debug|x86.ActiveCfg = Debug|Any CPU
		{80F4FC00-C4CC-43B0-837A-740775F9178F}.Release|Any CPU.ActiveCfg = Release|Any CPU
		{80F4FC00-C4CC-43B0-837A-740775F9178F}.Release|Any CPU.Build.0 = Release|Any CPU
		{80F4FC00-C4CC-43B0-837A-740775F9178F}.Release|Mixed Platforms.ActiveCfg = Release|Any CPU
		{80F4FC00-C4CC-43B0-837A-740775F9178F}.Release|Mixed Platforms.Build.0 = Release|Any CPU
		{80F4FC00-C4CC-43B0-837A-740775F9178F}.Release|x86.ActiveCfg = Release|Any CPU
		{AEB438A6-96FB-4684-838B-F5BB11074D96}.Debug|Any CPU.ActiveCfg = Debug|x86
		{AEB438A6-96FB-4684-838B-F5BB11074D96}.Debug|Mixed Platforms.ActiveCfg = Debug|x86
		{AEB438A6-96FB-4684-838B-F5BB11074D96}.Debug|Mixed Platforms.Build.0 = Debug|x86
		{AEB438A6-96FB-4684-838B-F5BB11074D96}.Debug|x86.ActiveCfg = Debug|x86
		{AEB438A6-96FB-4684-838B-F5BB11074D96}.Debug|x86.Build.0 = Debug|x86
		{AEB438A6-96FB-4684-838B-F5BB11074D96}.Release|Any CPU.ActiveCfg = Release|x86
		{AEB438A6-96FB-4684-838B-F5BB11074D96}.Release|Mixed Platforms.ActiveCfg = Release|x86
		{AEB438A6-96FB-4684-838B-F5BB11074D96}.Release|Mixed Platforms.Build.0 = Release|x86
		{AEB438A6-96FB-4684-838B-F5BB11074D96}.Release|x86.ActiveCfg = Release|x86
		{AEB438A6-96FB-4684-838B-F5BB11074D96}.Release|x86.Build.0 = Release|x86
		{E215F126-22C2-469C-AD99-14E388BB99CD}.Debug|Any CPU.ActiveCfg = Debug|Any CPU
		{E215F126-22C2-469C-AD99-14E388BB99CD}.Debug|Any CPU.Build.0 = Debug|Any CPU
		{E215F126-22C2-469C-AD99-14E388BB99CD}.Debug|Mixed Platforms.ActiveCfg = Debug|Any CPU
		{E215F126-22C2-469C-AD99-14E388BB99CD}.Debug|Mixed Platforms.Build.0 = Debug|Any CPU
		{E215F126-22C2-469C-AD99-14E388BB99CD}.Debug|x86.ActiveCfg = Debug|Any CPU
		{E215F126-22C2-469C-AD99-14E388BB99CD}.Release|Any CPU.ActiveCfg = Release|Any CPU
		{E215F126-22C2-469C-AD99-14E388BB99CD}.Release|Any CPU.Build.0 = Release|Any CPU
		{E215F126-22C2-469C-AD99-14E388BB99CD}.Release|Mixed Platforms.ActiveCfg = Release|Any CPU
		{E215F126-22C2-469C-AD99-14E388BB99CD}.Release|Mixed Platforms.Build.0 = Release|Any CPU
		{E215F126-22C2-469C-AD99-14E388BB99CD}.Release|x86.ActiveCfg = Release|Any CPU
		{07894D2B-8A99-49F1-BDFF-8291926E0715}.Debug|Any CPU.ActiveCfg = Debug|Any CPU
		{07894D2B-8A99-49F1-BDFF-8291926E0715}.Debug|Any CPU.Build.0 = Debug|Any CPU
		{07894D2B-8A99-49F1-BDFF-8291926E0715}.Debug|Mixed Platforms.ActiveCfg = Debug|Any CPU
		{07894D2B-8A99-49F1-BDFF-8291926E0715}.Debug|Mixed Platforms.Build.0 = Debug|Any CPU
		{07894D2B-8A99-49F1-BDFF-8291926E0715}.Debug|x86.ActiveCfg = Debug|Any CPU
		{07894D2B-8A99-49F1-BDFF-8291926E0715}.Release|Any CPU.ActiveCfg = Release|Any CPU
		{07894D2B-8A99-49F1-BDFF-8291926E0715}.Release|Any CPU.Build.0 = Release|Any CPU
		{07894D2B-8A99-49F1-BDFF-8291926E0715}.Release|Mixed Platforms.ActiveCfg = Release|Any CPU
		{07894D2B-8A99-49F1-BDFF-8291926E0715}.Release|Mixed Platforms.Build.0 = Release|Any CPU
		{07894D2B-8A99-49F1-BDFF-8291926E0715}.Release|x86.ActiveCfg = Release|Any CPU
		{8B1C5D16-953F-4382-8E93-FD54412E36B5}.Debug|Any CPU.ActiveCfg = Debug|x86
		{8B1C5D16-953F-4382-8E93-FD54412E36B5}.Debug|Mixed Platforms.ActiveCfg = Debug|x86
		{8B1C5D16-953F-4382-8E93-FD54412E36B5}.Debug|Mixed Platforms.Build.0 = Debug|x86
		{8B1C5D16-953F-4382-8E93-FD54412E36B5}.Debug|x86.ActiveCfg = Debug|x86
		{8B1C5D16-953F-4382-8E93-FD54412E36B5}.Debug|x86.Build.0 = Debug|x86
		{8B1C5D16-953F-4382-8E93-FD54412E36B5}.Release|Any CPU.ActiveCfg = Release|x86
		{8B1C5D16-953F-4382-8E93-FD54412E36B5}.Release|Mixed Platforms.ActiveCfg = Release|x86
		{8B1C5D16-953F-4382-8E93-FD54412E36B5}.Release|Mixed Platforms.Build.0 = Release|x86
		{8B1C5D16-953F-4382-8E93-FD54412E36B5}.Release|x86.ActiveCfg = Release|x86
		{8B1C5D16-953F-4382-8E93-FD54412E36B5}.Release|x86.Build.0 = Release|x86
		{D4544883-71EA-4583-A2DB-6E3A8706E78C}.Debug|Any CPU.ActiveCfg = Debug|x86
		{D4544883-71EA-4583-A2DB-6E3A8706E78C}.Debug|Mixed Platforms.ActiveCfg = Debug|x86
		{D4544883-71EA-4583-A2DB-6E3A8706E78C}.Debug|Mixed Platforms.Build.0 = Debug|x86
		{D4544883-71EA-4583-A2DB-6E3A8706E78C}.Debug|x86.ActiveCfg = Debug|x86
		{D4544883-71EA-4583-A2DB-6E3A8706E78C}.Debug|x86.Build.0 = Debug|x86
		{D4544883-71EA-4583-A2DB-6E3A8706E78C}.Release|Any CPU.ActiveCfg = Release|x86
		{D4544883-71EA-4583-A2DB-6E3A8706E78C}.Release|Mixed Platforms.ActiveCfg = Release|x86
		{D4544883-71EA-4583-A2DB-6E3A8706E78C}.Release|Mixed Platforms.Build.0 = Release|x86
		{D4544883-71EA-4583-A2DB-6E3A8706E78C}.Release|x86.ActiveCfg = Release|x86
		{D4544883-71EA-4583-A2DB-6E3A8706E78C}.Release|x86.Build.0 = Release|x86
		{072A6FC1-90A8-437C-9E54-41DC5DF39614}.Debug|Any CPU.ActiveCfg = Debug|x86
		{072A6FC1-90A8-437C-9E54-41DC5DF39614}.Debug|Mixed Platforms.ActiveCfg = Debug|x86
		{072A6FC1-90A8-437C-9E54-41DC5DF39614}.Debug|Mixed Platforms.Build.0 = Debug|x86
		{072A6FC1-90A8-437C-9E54-41DC5DF39614}.Debug|x86.ActiveCfg = Debug|x86
		{072A6FC1-90A8-437C-9E54-41DC5DF39614}.Debug|x86.Build.0 = Debug|x86
		{072A6FC1-90A8-437C-9E54-41DC5DF39614}.Release|Any CPU.ActiveCfg = Release|x86
		{072A6FC1-90A8-437C-9E54-41DC5DF39614}.Release|Mixed Platforms.ActiveCfg = Release|x86
		{072A6FC1-90A8-437C-9E54-41DC5DF39614}.Release|Mixed Platforms.Build.0 = Release|x86
		{072A6FC1-90A8-437C-9E54-41DC5DF39614}.Release|x86.ActiveCfg = Release|x86
		{072A6FC1-90A8-437C-9E54-41DC5DF39614}.Release|x86.Build.0 = Release|x86
		{1642FD9B-9D26-418A-BF01-A56202F1FD52}.Debug|Any CPU.ActiveCfg = Debug
		{1642FD9B-9D26-418A-BF01-A56202F1FD52}.Debug|Mixed Platforms.ActiveCfg = Debug
		{1642FD9B-9D26-418A-BF01-A56202F1FD52}.Debug|x86.ActiveCfg = Debug
		{1642FD9B-9D26-418A-BF01-A56202F1FD52}.Release|Any CPU.ActiveCfg = Release
		{1642FD9B-9D26-418A-BF01-A56202F1FD52}.Release|Mixed Platforms.ActiveCfg = Release
		{1642FD9B-9D26-418A-BF01-A56202F1FD52}.Release|x86.ActiveCfg = Release
		{42A56220-C2AF-498F-8989-6EB96443FE17}.Debug|Any CPU.ActiveCfg = Debug
		{42A56220-C2AF-498F-8989-6EB96443FE17}.Debug|Mixed Platforms.ActiveCfg = Debug
		{42A56220-C2AF-498F-8989-6EB96443FE17}.Debug|x86.ActiveCfg = Debug
		{42A56220-C2AF-498F-8989-6EB96443FE17}.Release|Any CPU.ActiveCfg = Release
		{42A56220-C2AF-498F-8989-6EB96443FE17}.Release|Mixed Platforms.ActiveCfg = Release
		{42A56220-C2AF-498F-8989-6EB96443FE17}.Release|x86.ActiveCfg = Release
	EndGlobalSection
	GlobalSection(SolutionProperties) = preSolution
		HideSolutionNode = FALSE
	EndGlobalSection
EndGlobal
